{
  "name": "maschinenkosten",
  "version": "0.1.0",
  "lockfileVersion": 3,
  "requires": true,
  "packages": {
    "": {
      "name": "maschinenkosten",
      "version": "0.1.0",
      "dependencies": {
        "next": "latest",
        "react": "latest",
        "react-dom": "latest"
      },
      "optionalDependencies": {
        "@supabase/supabase-js": "^2.45.4"
      },
      "devDependencies": {
        "@types/node": "latest",
        "@types/react": "latest",
        "@types/react-dom": "latest",
        "eslint": "latest",
        "eslint-config-next": "latest",
        "typescript": "latest"
      }
    }
  }
}
